
Microsoft Visual Studio Solution File, Format Version 12.00
# Visual Studio Version 17
VisualStudioVersion = 17.14.36623.8
MinimumVisualStudioVersion = 10.0.40219.1
Project("{FAE04EC0-301F-11D3-BF4B-00C04F79EFBC}") = "UploadFiles.Api", "UploadFiles\UploadFiles.Api.csproj", "{43D23EE4-0BF4-431F-9B24-8F78DA795171}"
EndProject
Project("{FAE04EC0-301F-11D3-BF4B-00C04F79EFBC}") = "UploadFiles.App", "UploadFiles.App\UploadFiles.App.csproj", "{6DB25193-5FF1-443D-92A1-BD9EBFD33242}"
EndProject
Project("{FAE04EC0-301F-11D3-BF4B-00C04F79EFBC}") = "UploadFiles.Domain", "UploadFiles.Domain\UploadFiles.Domain.csproj", "{FFEC0762-0377-4CB7-BFFD-FA2DFBC547EF}"
EndProject
Project("{FAE04EC0-301F-11D3-BF4B-00C04F79EFBC}") = "UploadFiles.Infra", "UploadFiles.Infra\UploadFiles.Infra.csproj", "{875C0BEA-36B6-40A9-B51C-F4A9412BA7BA}"
EndProject
Global
	GlobalSection(SolutionConfigurationPlatforms) = preSolution
		Debug|Any CPU = Debug|Any CPU
		Release|Any CPU = Release|Any CPU
	EndGlobalSection
	GlobalSection(ProjectConfigurationPlatforms) = postSolution
		{43D23EE4-0BF4-431F-9B24-8F78DA795171}.Debug|Any CPU.ActiveCfg = Debug|Any CPU
		{43D23EE4-0BF4-431F-9B24-8F78DA795171}.Debug|Any CPU.Build.0 = Debug|Any CPU
		{43D23EE4-0BF4-431F-9B24-8F78DA795171}.Release|Any CPU.ActiveCfg = Release|Any CPU
		{43D23EE4-0BF4-431F-9B24-8F78DA795171}.Release|Any CPU.Build.0 = Release|Any CPU
		{6DB25193-5FF1-443D-92A1-BD9EBFD33242}.Debug|Any CPU.ActiveCfg = Debug|Any CPU
		{6DB25193-5FF1-443D-92A1-BD9EBFD33242}.Debug|Any CPU.Build.0 = Debug|Any CPU
		{6DB25193-5FF1-443D-92A1-BD9EBFD33242}.Release|Any CPU.ActiveCfg = Release|Any CPU
		{6DB25193-5FF1-443D-92A1-BD9EBFD33242}.Release|Any CPU.Build.0 = Release|Any CPU
		{FFEC0762-0377-4CB7-BFFD-FA2DFBC547EF}.Debug|Any CPU.ActiveCfg = Debug|Any CPU
		{FFEC0762-0377-4CB7-BFFD-FA2DFBC547EF}.Debug|Any CPU.Build.0 = Debug|Any CPU
		{FFEC0762-0377-4CB7-BFFD-FA2DFBC547EF}.Release|Any CPU.ActiveCfg = Release|Any CPU
		{FFEC0762-0377-4CB7-BFFD-FA2DFBC547EF}.Release|Any CPU.Build.0 = Release|Any CPU
		{875C0BEA-36B6-40A9-B51C-F4A9412BA7BA}.Debug|Any CPU.ActiveCfg = Debug|Any CPU
		{875C0BEA-36B6-40A9-B51C-F4A9412BA7BA}.Debug|Any CPU.Build.0 = Debug|Any CPU
		{875C0BEA-36B6-40A9-B51C-F4A9412BA7BA}.Release|Any CPU.ActiveCfg = Release|Any CPU
		{875C0BEA-36B6-40A9-B51C-F4A9412BA7BA}.Release|Any CPU.Build.0 = Release|Any CPU
	EndGlobalSection
	GlobalSection(SolutionProperties) = preSolution
		HideSolutionNode = FALSE
	EndGlobalSection
	GlobalSection(ExtensibilityGlobals) = postSolution
		SolutionGuid = {78DFCF6B-E555-4CE7-B605-86091D976D46}
	EndGlobalSection
EndGlobal
